
Microsoft Visual Studio Solution File, Format Version 12.00
# Visual Studio 15
VisualStudioVersion = 15.0.27004.2008
MinimumVisualStudioVersion = 10.0.40219.1
Project("{F184B08F-C81C-45F6-A57F-5ABD9991F28F}") = "ProjetVB", "ProjetVB\ProjetVB.vbproj", "{62298C48-8BF3-4ACB-8C12-25733975C12A}"
EndProject
Project("{2150E333-8FDC-42A3-9474-1A3956D46DE8}") = "Solution Items", "Solution Items", "{3444ABB0-A973-400B-A7EC-D0A18A91429C}"
EndProject
Global
	GlobalSection(SolutionConfigurationPlatforms) = preSolution
		Debug|Any CPU = Debug|Any CPU
		Release|Any CPU = Release|Any CPU
	EndGlobalSection
	GlobalSection(ProjectConfigurationPlatforms) = postSolution
		{62298C48-8BF3-4ACB-8C12-25733975C12A}.Debug|Any CPU.ActiveCfg = Debug|Any CPU
		{62298C48-8BF3-4ACB-8C12-25733975C12A}.Debug|Any CPU.Build.0 = Debug|Any CPU
		{62298C48-8BF3-4ACB-8C12-25733975C12A}.Release|Any CPU.ActiveCfg = Release|Any CPU
		{62298C48-8BF3-4ACB-8C12-25733975C12A}.Release|Any CPU.Build.0 = Release|Any CPU
	EndGlobalSection
	GlobalSection(SolutionProperties) = preSolution
		HideSolutionNode = FALSE
	EndGlobalSection
	GlobalSection(ExtensibilityGlobals) = postSolution
		SolutionGuid = {6E52E7F5-B86D-4240-9631-9D93A3BFD086}
	EndGlobalSection
EndGlobal
